
Microsoft Visual Studio Solution File, Format Version 12.00
# Visual Studio 2013
VisualStudioVersion = 12.0.31101.0
MinimumVisualStudioVersion = 10.0.40219.1
Project("{FAE04EC0-301F-11D3-BF4B-00C04F79EFBC}") = "Starter3D.API", "Starter3D.API\Starter3D.API.csproj", "{3567CAD0-DE95-4BA8-98DE-750B75DCB45A}"
EndProject
Project("{FAE04EC0-301F-11D3-BF4B-00C04F79EFBC}") = "Starter3D.Application", "Starter3D.Application\Starter3D.Application.csproj", "{B3CAC997-4EE0-4846-949F-5FB173269F74}"
EndProject
Project("{FAE04EC0-301F-11D3-BF4B-00C04F79EFBC}") = "Starter3D.Renderers", "Starter3D.Renderers\Starter3D.Renderers.csproj", "{78127754-23C1-4D69-A528-AE46CAD6AEC0}"
EndProject
Project("{FAE04EC0-301F-11D3-BF4B-00C04F79EFBC}") = "Starter3D.Plugin.PixelShader", "Starter3D.Plugin.PixelShader\Starter3D.Plugin.PixelShader.csproj", "{5407E771-EF7F-4B2C-8C75-A34720B2732F}"
EndProject
Project("{FAE04EC0-301F-11D3-BF4B-00C04F79EFBC}") = "Starter3D.Plugin.SimpleMaterialEditor", "Starter3D.Plugin.SimpleMaterialEditor\Starter3D.Plugin.SimpleMaterialEditor.csproj", "{C9D87433-BBFF-40BB-99EA-9773636D3E11}"
EndProject
Project("{FAE04EC0-301F-11D3-BF4B-00C04F79EFBC}") = "Starter3D.Plugin.MaterialEditor", "Starter3D.Plugin.MaterialEditor\Starter3D.Plugin.MaterialEditor.csproj", "{A0CC8134-F678-4413-8135-A8BB09E1B6D8}"
EndProject
Project("{FAE04EC0-301F-11D3-BF4B-00C04F79EFBC}") = "Starter3D.Plugin.SceneGraph", "Starter3D.Plugin.SceneGraph\Starter3D.Plugin.SceneGraph.csproj", "{E9527F80-058F-43A5-A87F-00C8A7342F6D}"
EndProject
Project("{FAE04EC0-301F-11D3-BF4B-00C04F79EFBC}") = "Starter3D.Plugin.CurveEditor", "Starter3D.Plugin.CurveEditor\Starter3D.Plugin.CurveEditor.csproj", "{2D06761C-9D09-4DD0-8B90-F3871EAFD817}"
EndProject
Project("{FAE04EC0-301F-11D3-BF4B-00C04F79EFBC}") = "Starter3D.Plugin.Physics", "Starter3D.Plugin.Physics\Starter3D.Plugin.Physics.csproj", "{1C2C6297-1479-4924-8F15-870DA192A6D7}"
EndProject
Global
	GlobalSection(SolutionConfigurationPlatforms) = preSolution
		Debug|Any CPU = Debug|Any CPU
		Debug|Mixed Platforms = Debug|Mixed Platforms
		Debug|x64 = Debug|x64
		Debug|x86 = Debug|x86
		Release|Any CPU = Release|Any CPU
		Release|Mixed Platforms = Release|Mixed Platforms
		Release|x64 = Release|x64
		Release|x86 = Release|x86
		Release2|Any CPU = Release2|Any CPU
		Release2|Mixed Platforms = Release2|Mixed Platforms
		Release2|x64 = Release2|x64
		Release2|x86 = Release2|x86
	EndGlobalSection
	GlobalSection(ProjectConfigurationPlatforms) = postSolution
		{3567CAD0-DE95-4BA8-98DE-750B75DCB45A}.Debug|Any CPU.ActiveCfg = Debug|Any CPU
		{3567CAD0-DE95-4BA8-98DE-750B75DCB45A}.Debug|Any CPU.Build.0 = Debug|Any CPU
		{3567CAD0-DE95-4BA8-98DE-750B75DCB45A}.Debug|Mixed Platforms.ActiveCfg = Debug|Any CPU
		{3567CAD0-DE95-4BA8-98DE-750B75DCB45A}.Debug|Mixed Platforms.Build.0 = Debug|Any CPU
		{3567CAD0-DE95-4BA8-98DE-750B75DCB45A}.Debug|x64.ActiveCfg = Debug|x64
		{3567CAD0-DE95-4BA8-98DE-750B75DCB45A}.Debug|x64.Build.0 = Debug|x64
		{3567CAD0-DE95-4BA8-98DE-750B75DCB45A}.Debug|x86.ActiveCfg = Debug|Any CPU
		{3567CAD0-DE95-4BA8-98DE-750B75DCB45A}.Debug|x86.Build.0 = Debug|Any CPU
		{3567CAD0-DE95-4BA8-98DE-750B75DCB45A}.Release|Any CPU.ActiveCfg = Release|Any CPU
		{3567CAD0-DE95-4BA8-98DE-750B75DCB45A}.Release|Any CPU.Build.0 = Release|Any CPU
		{3567CAD0-DE95-4BA8-98DE-750B75DCB45A}.Release|Mixed Platforms.ActiveCfg = Release|Any CPU
		{3567CAD0-DE95-4BA8-98DE-750B75DCB45A}.Release|Mixed Platforms.Build.0 = Release|Any CPU
		{3567CAD0-DE95-4BA8-98DE-750B75DCB45A}.Release|x64.ActiveCfg = Release|x64
		{3567CAD0-DE95-4BA8-98DE-750B75DCB45A}.Release|x64.Build.0 = Release|x64
		{3567CAD0-DE95-4BA8-98DE-750B75DCB45A}.Release|x86.ActiveCfg = Release|Any CPU
		{3567CAD0-DE95-4BA8-98DE-750B75DCB45A}.Release|x86.Build.0 = Release|Any CPU
		{3567CAD0-DE95-4BA8-98DE-750B75DCB45A}.Release2|Any CPU.ActiveCfg = Release2|Any CPU
		{3567CAD0-DE95-4BA8-98DE-750B75DCB45A}.Release2|Any CPU.Build.0 = Release2|Any CPU
		{3567CAD0-DE95-4BA8-98DE-750B75DCB45A}.Release2|Mixed Platforms.ActiveCfg = Release2|Any CPU
		{3567CAD0-DE95-4BA8-98DE-750B75DCB45A}.Release2|Mixed Platforms.Build.0 = Release2|Any CPU
		{3567CAD0-DE95-4BA8-98DE-750B75DCB45A}.Release2|x64.ActiveCfg = Release2|x64
		{3567CAD0-DE95-4BA8-98DE-750B75DCB45A}.Release2|x64.Build.0 = Release2|x64
		{3567CAD0-DE95-4BA8-98DE-750B75DCB45A}.Release2|x86.ActiveCfg = Release2|Any CPU
		{B3CAC997-4EE0-4846-949F-5FB173269F74}.Debug|Any CPU.ActiveCfg = Debug|Any CPU
		{B3CAC997-4EE0-4846-949F-5FB173269F74}.Debug|Any CPU.Build.0 = Debug|Any CPU
		{B3CAC997-4EE0-4846-949F-5FB173269F74}.Debug|Mixed Platforms.ActiveCfg = Debug|Any CPU
		{B3CAC997-4EE0-4846-949F-5FB173269F74}.Debug|Mixed Platforms.Build.0 = Debug|Any CPU
		{B3CAC997-4EE0-4846-949F-5FB173269F74}.Debug|x64.ActiveCfg = Debug|x64
		{B3CAC997-4EE0-4846-949F-5FB173269F74}.Debug|x64.Build.0 = Debug|x64
		{B3CAC997-4EE0-4846-949F-5FB173269F74}.Debug|x86.ActiveCfg = Debug|Any CPU
		{B3CAC997-4EE0-4846-949F-5FB173269F74}.Debug|x86.Build.0 = Debug|Any CPU
		{B3CAC997-4EE0-4846-949F-5FB173269F74}.Release|Any CPU.ActiveCfg = Release|Any CPU
		{B3CAC997-4EE0-4846-949F-5FB173269F74}.Release|Any CPU.Build.0 = Release|Any CPU
		{B3CAC997-4EE0-4846-949F-5FB173269F74}.Release|Mixed Platforms.ActiveCfg = Release|Any CPU
		{B3CAC997-4EE0-4846-949F-5FB173269F74}.Release|Mixed Platforms.Build.0 = Release|Any CPU
		{B3CAC997-4EE0-4846-949F-5FB173269F74}.Release|x64.ActiveCfg = Release|x64
		{B3CAC997-4EE0-4846-949F-5FB173269F74}.Release|x64.Build.0 = Release|x64
		{B3CAC997-4EE0-4846-949F-5FB173269F74}.Release|x86.ActiveCfg = Release|Any CPU
		{B3CAC997-4EE0-4846-949F-5FB173269F74}.Release|x86.Build.0 = Release|Any CPU
		{B3CAC997-4EE0-4846-949F-5FB173269F74}.Release2|Any CPU.ActiveCfg = Release2|Any CPU
		{B3CAC997-4EE0-4846-949F-5FB173269F74}.Release2|Any CPU.Build.0 = Release2|Any CPU
		{B3CAC997-4EE0-4846-949F-5FB173269F74}.Release2|Mixed Platforms.ActiveCfg = Release2|Any CPU
		{B3CAC997-4EE0-4846-949F-5FB173269F74}.Release2|Mixed Platforms.Build.0 = Release2|Any CPU
		{B3CAC997-4EE0-4846-949F-5FB173269F74}.Release2|x64.ActiveCfg = Release2|x64
		{B3CAC997-4EE0-4846-949F-5FB173269F74}.Release2|x64.Build.0 = Release2|x64
		{B3CAC997-4EE0-4846-949F-5FB173269F74}.Release2|x86.ActiveCfg = Release2|Any CPU
		{78127754-23C1-4D69-A528-AE46CAD6AEC0}.Debug|Any CPU.ActiveCfg = Debug|Any CPU
		{78127754-23C1-4D69-A528-AE46CAD6AEC0}.Debug|Any CPU.Build.0 = Debug|Any CPU
		{78127754-23C1-4D69-A528-AE46CAD6AEC0}.Debug|Mixed Platforms.ActiveCfg = Debug|x86
		{78127754-23C1-4D69-A528-AE46CAD6AEC0}.Debug|Mixed Platforms.Build.0 = Debug|x86
		{78127754-23C1-4D69-A528-AE46CAD6AEC0}.Debug|x64.ActiveCfg = Debug|x64
		{78127754-23C1-4D69-A528-AE46CAD6AEC0}.Debug|x64.Build.0 = Debug|x64
		{78127754-23C1-4D69-A528-AE46CAD6AEC0}.Debug|x86.ActiveCfg = Debug|x86
		{78127754-23C1-4D69-A528-AE46CAD6AEC0}.Debug|x86.Build.0 = Debug|x86
		{78127754-23C1-4D69-A528-AE46CAD6AEC0}.Release|Any CPU.ActiveCfg = Release|Any CPU
		{78127754-23C1-4D69-A528-AE46CAD6AEC0}.Release|Any CPU.Build.0 = Release|Any CPU
		{78127754-23C1-4D69-A528-AE46CAD6AEC0}.Release|Mixed Platforms.ActiveCfg = Release|x86
		{78127754-23C1-4D69-A528-AE46CAD6AEC0}.Release|Mixed Platforms.Build.0 = Release|x86
		{78127754-23C1-4D69-A528-AE46CAD6AEC0}.Release|x64.ActiveCfg = Release|x64
		{78127754-23C1-4D69-A528-AE46CAD6AEC0}.Release|x64.Build.0 = Release|x64
		{78127754-23C1-4D69-A528-AE46CAD6AEC0}.Release|x86.ActiveCfg = Release|x86
		{78127754-23C1-4D69-A528-AE46CAD6AEC0}.Release|x86.Build.0 = Release|x86
		{78127754-23C1-4D69-A528-AE46CAD6AEC0}.Release2|Any CPU.ActiveCfg = Release2|Any CPU
		{78127754-23C1-4D69-A528-AE46CAD6AEC0}.Release2|Any CPU.Build.0 = Release2|Any CPU
		{78127754-23C1-4D69-A528-AE46CAD6AEC0}.Release2|Mixed Platforms.ActiveCfg = Release2|x86
		{78127754-23C1-4D69-A528-AE46CAD6AEC0}.Release2|Mixed Platforms.Build.0 = Release2|x86
		{78127754-23C1-4D69-A528-AE46CAD6AEC0}.Release2|x64.ActiveCfg = Release2|x64
		{78127754-23C1-4D69-A528-AE46CAD6AEC0}.Release2|x64.Build.0 = Release2|x64
		{78127754-23C1-4D69-A528-AE46CAD6AEC0}.Release2|x86.ActiveCfg = Release2|x86
		{78127754-23C1-4D69-A528-AE46CAD6AEC0}.Release2|x86.Build.0 = Release2|x86
		{5407E771-EF7F-4B2C-8C75-A34720B2732F}.Debug|Any CPU.ActiveCfg = Debug|Any CPU
		{5407E771-EF7F-4B2C-8C75-A34720B2732F}.Debug|Any CPU.Build.0 = Debug|Any CPU
		{5407E771-EF7F-4B2C-8C75-A34720B2732F}.Debug|Mixed Platforms.ActiveCfg = Debug|Any CPU
		{5407E771-EF7F-4B2C-8C75-A34720B2732F}.Debug|Mixed Platforms.Build.0 = Debug|Any CPU
		{5407E771-EF7F-4B2C-8C75-A34720B2732F}.Debug|x64.ActiveCfg = Debug|x64
		{5407E771-EF7F-4B2C-8C75-A34720B2732F}.Debug|x64.Build.0 = Debug|x64
		{5407E771-EF7F-4B2C-8C75-A34720B2732F}.Debug|x86.ActiveCfg = Debug|Any CPU
		{5407E771-EF7F-4B2C-8C75-A34720B2732F}.Release|Any CPU.ActiveCfg = Release|Any CPU
		{5407E771-EF7F-4B2C-8C75-A34720B2732F}.Release|Any CPU.Build.0 = Release|Any CPU
		{5407E771-EF7F-4B2C-8C75-A34720B2732F}.Release|Mixed Platforms.ActiveCfg = Release|Any CPU
		{5407E771-EF7F-4B2C-8C75-A34720B2732F}.Release|Mixed Platforms.Build.0 = Release|Any CPU
		{5407E771-EF7F-4B2C-8C75-A34720B2732F}.Release|x64.ActiveCfg = Release|x64
		{5407E771-EF7F-4B2C-8C75-A34720B2732F}.Release|x64.Build.0 = Release|x64
		{5407E771-EF7F-4B2C-8C75-A34720B2732F}.Release|x86.ActiveCfg = Release|Any CPU
		{5407E771-EF7F-4B2C-8C75-A34720B2732F}.Release2|Any CPU.ActiveCfg = Release|Any CPU
		{5407E771-EF7F-4B2C-8C75-A34720B2732F}.Release2|Any CPU.Build.0 = Release|Any CPU
		{5407E771-EF7F-4B2C-8C75-A34720B2732F}.Release2|Mixed Platforms.ActiveCfg = Release|Any CPU
		{5407E771-EF7F-4B2C-8C75-A34720B2732F}.Release2|Mixed Platforms.Build.0 = Release|Any CPU
		{5407E771-EF7F-4B2C-8C75-A34720B2732F}.Release2|x64.ActiveCfg = Release|x64
		{5407E771-EF7F-4B2C-8C75-A34720B2732F}.Release2|x64.Build.0 = Release|x64
		{5407E771-EF7F-4B2C-8C75-A34720B2732F}.Release2|x86.ActiveCfg = Release|Any CPU
		{C9D87433-BBFF-40BB-99EA-9773636D3E11}.Debug|Any CPU.ActiveCfg = Debug|Any CPU
		{C9D87433-BBFF-40BB-99EA-9773636D3E11}.Debug|Any CPU.Build.0 = Debug|Any CPU
		{C9D87433-BBFF-40BB-99EA-9773636D3E11}.Debug|Mixed Platforms.ActiveCfg = Debug|Any CPU
		{C9D87433-BBFF-40BB-99EA-9773636D3E11}.Debug|Mixed Platforms.Build.0 = Debug|Any CPU
		{C9D87433-BBFF-40BB-99EA-9773636D3E11}.Debug|x64.ActiveCfg = Debug|x64
		{C9D87433-BBFF-40BB-99EA-9773636D3E11}.Debug|x64.Build.0 = Debug|x64
		{C9D87433-BBFF-40BB-99EA-9773636D3E11}.Debug|x86.ActiveCfg = Debug|Any CPU
		{C9D87433-BBFF-40BB-99EA-9773636D3E11}.Release|Any CPU.ActiveCfg = Release|Any CPU
		{C9D87433-BBFF-40BB-99EA-9773636D3E11}.Release|Any CPU.Build.0 = Release|Any CPU
		{C9D87433-BBFF-40BB-99EA-9773636D3E11}.Release|Mixed Platforms.ActiveCfg = Release|Any CPU
		{C9D87433-BBFF-40BB-99EA-9773636D3E11}.Release|Mixed Platforms.Build.0 = Release|Any CPU
		{C9D87433-BBFF-40BB-99EA-9773636D3E11}.Release|x64.ActiveCfg = Release|x64
		{C9D87433-BBFF-40BB-99EA-9773636D3E11}.Release|x64.Build.0 = Release|x64
		{C9D87433-BBFF-40BB-99EA-9773636D3E11}.Release|x86.ActiveCfg = Release|Any CPU
		{C9D87433-BBFF-40BB-99EA-9773636D3E11}.Release2|Any CPU.ActiveCfg = Release|Any CPU
		{C9D87433-BBFF-40BB-99EA-9773636D3E11}.Release2|Any CPU.Build.0 = Release|Any CPU
		{C9D87433-BBFF-40BB-99EA-9773636D3E11}.Release2|Mixed Platforms.ActiveCfg = Release|Any CPU
		{C9D87433-BBFF-40BB-99EA-9773636D3E11}.Release2|Mixed Platforms.Build.0 = Release|Any CPU
		{C9D87433-BBFF-40BB-99EA-9773636D3E11}.Release2|x64.ActiveCfg = Release|x64
		{C9D87433-BBFF-40BB-99EA-9773636D3E11}.Release2|x64.Build.0 = Release|x64
		{C9D87433-BBFF-40BB-99EA-9773636D3E11}.Release2|x86.ActiveCfg = Release|Any CPU
		{A0CC8134-F678-4413-8135-A8BB09E1B6D8}.Debug|Any CPU.ActiveCfg = Debug|Any CPU
		{A0CC8134-F678-4413-8135-A8BB09E1B6D8}.Debug|Any CPU.Build.0 = Debug|Any CPU
		{A0CC8134-F678-4413-8135-A8BB09E1B6D8}.Debug|Mixed Platforms.ActiveCfg = Debug|Any CPU
		{A0CC8134-F678-4413-8135-A8BB09E1B6D8}.Debug|Mixed Platforms.Build.0 = Debug|Any CPU
		{A0CC8134-F678-4413-8135-A8BB09E1B6D8}.Debug|x64.ActiveCfg = Debug|x64
		{A0CC8134-F678-4413-8135-A8BB09E1B6D8}.Debug|x64.Build.0 = Debug|x64
		{A0CC8134-F678-4413-8135-A8BB09E1B6D8}.Debug|x86.ActiveCfg = Debug|Any CPU
		{A0CC8134-F678-4413-8135-A8BB09E1B6D8}.Release|Any CPU.ActiveCfg = Release|Any CPU
		{A0CC8134-F678-4413-8135-A8BB09E1B6D8}.Release|Any CPU.Build.0 = Release|Any CPU
		{A0CC8134-F678-4413-8135-A8BB09E1B6D8}.Release|Mixed Platforms.ActiveCfg = Release|Any CPU
		{A0CC8134-F678-4413-8135-A8BB09E1B6D8}.Release|Mixed Platforms.Build.0 = Release|Any CPU
		{A0CC8134-F678-4413-8135-A8BB09E1B6D8}.Release|x64.ActiveCfg = Release|x64
		{A0CC8134-F678-4413-8135-A8BB09E1B6D8}.Release|x64.Build.0 = Release|x64
		{A0CC8134-F678-4413-8135-A8BB09E1B6D8}.Release|x86.ActiveCfg = Release|Any CPU
		{A0CC8134-F678-4413-8135-A8BB09E1B6D8}.Release2|Any CPU.ActiveCfg = Release|Any CPU
		{A0CC8134-F678-4413-8135-A8BB09E1B6D8}.Release2|Any CPU.Build.0 = Release|Any CPU
		{A0CC8134-F678-4413-8135-A8BB09E1B6D8}.Release2|Mixed Platforms.ActiveCfg = Release|Any CPU
		{A0CC8134-F678-4413-8135-A8BB09E1B6D8}.Release2|Mixed Platforms.Build.0 = Release|Any CPU
		{A0CC8134-F678-4413-8135-A8BB09E1B6D8}.Release2|x64.ActiveCfg = Release|x64
		{A0CC8134-F678-4413-8135-A8BB09E1B6D8}.Release2|x64.Build.0 = Release|x64
		{A0CC8134-F678-4413-8135-A8BB09E1B6D8}.Release2|x86.ActiveCfg = Release|Any CPU
		{E9527F80-058F-43A5-A87F-00C8A7342F6D}.Debug|Any CPU.ActiveCfg = Debug|Any CPU
		{E9527F80-058F-43A5-A87F-00C8A7342F6D}.Debug|Any CPU.Build.0 = Debug|Any CPU
		{E9527F80-058F-43A5-A87F-00C8A7342F6D}.Debug|Mixed Platforms.ActiveCfg = Debug|Any CPU
		{E9527F80-058F-43A5-A87F-00C8A7342F6D}.Debug|Mixed Platforms.Build.0 = Debug|Any CPU
		{E9527F80-058F-43A5-A87F-00C8A7342F6D}.Debug|x64.ActiveCfg = Debug|x64
		{E9527F80-058F-43A5-A87F-00C8A7342F6D}.Debug|x64.Build.0 = Debug|x64
		{E9527F80-058F-43A5-A87F-00C8A7342F6D}.Debug|x86.ActiveCfg = Debug|Any CPU
		{E9527F80-058F-43A5-A87F-00C8A7342F6D}.Release|Any CPU.ActiveCfg = Release|Any CPU
		{E9527F80-058F-43A5-A87F-00C8A7342F6D}.Release|Any CPU.Build.0 = Release|Any CPU
		{E9527F80-058F-43A5-A87F-00C8A7342F6D}.Release|Mixed Platforms.ActiveCfg = Release|Any CPU
		{E9527F80-058F-43A5-A87F-00C8A7342F6D}.Release|Mixed Platforms.Build.0 = Release|Any CPU
		{E9527F80-058F-43A5-A87F-00C8A7342F6D}.Release|x64.ActiveCfg = Release|x64
		{E9527F80-058F-43A5-A87F-00C8A7342F6D}.Release|x64.Build.0 = Release|x64
		{E9527F80-058F-43A5-A87F-00C8A7342F6D}.Release|x86.ActiveCfg = Release|Any CPU
		{E9527F80-058F-43A5-A87F-00C8A7342F6D}.Release2|Any CPU.ActiveCfg = Release|Any CPU
		{E9527F80-058F-43A5-A87F-00C8A7342F6D}.Release2|Any CPU.Build.0 = Release|Any CPU
		{E9527F80-058F-43A5-A87F-00C8A7342F6D}.Release2|Mixed Platforms.ActiveCfg = Release|Any CPU
		{E9527F80-058F-43A5-A87F-00C8A7342F6D}.Release2|Mixed Platforms.Build.0 = Release|Any CPU
		{E9527F80-058F-43A5-A87F-00C8A7342F6D}.Release2|x64.ActiveCfg = Release|x64
		{E9527F80-058F-43A5-A87F-00C8A7342F6D}.Release2|x64.Build.0 = Release|x64
		{E9527F80-058F-43A5-A87F-00C8A7342F6D}.Release2|x86.ActiveCfg = Release|Any CPU
		{2D06761C-9D09-4DD0-8B90-F3871EAFD817}.Debug|Any CPU.ActiveCfg = Debug|Any CPU
		{2D06761C-9D09-4DD0-8B90-F3871EAFD817}.Debug|Any CPU.Build.0 = Debug|Any CPU
		{2D06761C-9D09-4DD0-8B90-F3871EAFD817}.Debug|Mixed Platforms.ActiveCfg = Debug|Any CPU
		{2D06761C-9D09-4DD0-8B90-F3871EAFD817}.Debug|Mixed Platforms.Build.0 = Debug|Any CPU
		{2D06761C-9D09-4DD0-8B90-F3871EAFD817}.Debug|x64.ActiveCfg = Debug|Any CPU
		{2D06761C-9D09-4DD0-8B90-F3871EAFD817}.Debug|x86.ActiveCfg = Debug|Any CPU
		{2D06761C-9D09-4DD0-8B90-F3871EAFD817}.Release|Any CPU.ActiveCfg = Release|Any CPU
		{2D06761C-9D09-4DD0-8B90-F3871EAFD817}.Release|Any CPU.Build.0 = Release|Any CPU
		{2D06761C-9D09-4DD0-8B90-F3871EAFD817}.Release|Mixed Platforms.ActiveCfg = Release|Any CPU
		{2D06761C-9D09-4DD0-8B90-F3871EAFD817}.Release|Mixed Platforms.Build.0 = Release|Any CPU
		{2D06761C-9D09-4DD0-8B90-F3871EAFD817}.Release|x64.ActiveCfg = Release|Any CPU
		{2D06761C-9D09-4DD0-8B90-F3871EAFD817}.Release|x64.Build.0 = Release|Any CPU
		{2D06761C-9D09-4DD0-8B90-F3871EAFD817}.Release|x86.ActiveCfg = Release|Any CPU
		{2D06761C-9D09-4DD0-8B90-F3871EAFD817}.Release2|Any CPU.ActiveCfg = Release|Any CPU
		{2D06761C-9D09-4DD0-8B90-F3871EAFD817}.Release2|Any CPU.Build.0 = Release|Any CPU
		{2D06761C-9D09-4DD0-8B90-F3871EAFD817}.Release2|Mixed Platforms.ActiveCfg = Release|Any CPU
		{2D06761C-9D09-4DD0-8B90-F3871EAFD817}.Release2|Mixed Platforms.Build.0 = Release|Any CPU
		{2D06761C-9D09-4DD0-8B90-F3871EAFD817}.Release2|x64.ActiveCfg = Release|Any CPU
		{2D06761C-9D09-4DD0-8B90-F3871EAFD817}.Release2|x86.ActiveCfg = Release|Any CPU
		{1C2C6297-1479-4924-8F15-870DA192A6D7}.Debug|Any CPU.ActiveCfg = Debug|Any CPU
		{1C2C6297-1479-4924-8F15-870DA192A6D7}.Debug|Any CPU.Build.0 = Debug|Any CPU
		{1C2C6297-1479-4924-8F15-870DA192A6D7}.Debug|Mixed Platforms.ActiveCfg = Debug|Any CPU
		{1C2C6297-1479-4924-8F15-870DA192A6D7}.Debug|Mixed Platforms.Build.0 = Debug|Any CPU
		{1C2C6297-1479-4924-8F15-870DA192A6D7}.Debug|x64.ActiveCfg = Debug|x64
		{1C2C6297-1479-4924-8F15-870DA192A6D7}.Debug|x64.Build.0 = Debug|x64
		{1C2C6297-1479-4924-8F15-870DA192A6D7}.Debug|x86.ActiveCfg = Debug|Any CPU
		{1C2C6297-1479-4924-8F15-870DA192A6D7}.Release|Any CPU.ActiveCfg = Release|Any CPU
		{1C2C6297-1479-4924-8F15-870DA192A6D7}.Release|Any CPU.Build.0 = Release|Any CPU
		{1C2C6297-1479-4924-8F15-870DA192A6D7}.Release|Mixed Platforms.ActiveCfg = Release|Any CPU
		{1C2C6297-1479-4924-8F15-870DA192A6D7}.Release|Mixed Platforms.Build.0 = Release|Any CPU
		{1C2C6297-1479-4924-8F15-870DA192A6D7}.Release|x64.ActiveCfg = Release|x64
		{1C2C6297-1479-4924-8F15-870DA192A6D7}.Release|x64.Build.0 = Release|x64
		{1C2C6297-1479-4924-8F15-870DA192A6D7}.Release|x86.ActiveCfg = Release|Any CPU
		{1C2C6297-1479-4924-8F15-870DA192A6D7}.Release2|Any CPU.ActiveCfg = Release|Any CPU
		{1C2C6297-1479-4924-8F15-870DA192A6D7}.Release2|Any CPU.Build.0 = Release|Any CPU
		{1C2C6297-1479-4924-8F15-870DA192A6D7}.Release2|Mixed Platforms.ActiveCfg = Release|Any CPU
		{1C2C6297-1479-4924-8F15-870DA192A6D7}.Release2|Mixed Platforms.Build.0 = Release|Any CPU
		{1C2C6297-1479-4924-8F15-870DA192A6D7}.Release2|x64.ActiveCfg = Release|x64
		{1C2C6297-1479-4924-8F15-870DA192A6D7}.Release2|x64.Build.0 = Release|x64
		{1C2C6297-1479-4924-8F15-870DA192A6D7}.Release2|x86.ActiveCfg = Release|Any CPU
	EndGlobalSection
	GlobalSection(SolutionProperties) = preSolution
		HideSolutionNode = FALSE
	EndGlobalSection
EndGlobal
